
Microsoft Visual Studio Solution File, Format Version 12.00
# Visual Studio Version 17
VisualStudioVersion = 17.3.32929.385
MinimumVisualStudioVersion = 10.0.40219.1
Project("{FAE04EC0-301F-11D3-BF4B-00C04F79EFBC}") = "BagShop", "BagShop\BagShop.csproj", "{32362ABC-5CDC-4601-82AA-6F1C194F4A01}"
EndProject
Global
	GlobalSection(SolutionConfigurationPlatforms) = preSolution
		Debug|Any CPU = Debug|Any CPU
		Release|Any CPU = Release|Any CPU
	EndGlobalSection
	GlobalSection(ProjectConfigurationPlatforms) = postSolution
		{32362ABC-5CDC-4601-82AA-6F1C194F4A01}.Debug|Any CPU.ActiveCfg = Debug|Any CPU
		{32362ABC-5CDC-4601-82AA-6F1C194F4A01}.Debug|Any CPU.Build.0 = Debug|Any CPU
		{32362ABC-5CDC-4601-82AA-6F1C194F4A01}.Release|Any CPU.ActiveCfg = Release|Any CPU
		{32362ABC-5CDC-4601-82AA-6F1C194F4A01}.Release|Any CPU.Build.0 = Release|Any CPU
	EndGlobalSection
	GlobalSection(SolutionProperties) = preSolution
		HideSolutionNode = FALSE
	EndGlobalSection
	GlobalSection(ExtensibilityGlobals) = postSolution
		SolutionGuid = {BB465DCB-0F7D-41DE-937B-4F5D94EA293F}
	EndGlobalSection
EndGlobal
